
Microsoft Visual Studio Solution File, Format Version 12.00
# Visual Studio Version 17
VisualStudioVersion = 17.5.33530.505
MinimumVisualStudioVersion = 10.0.40219.1
Project("{FAE04EC0-301F-11D3-BF4B-00C04F79EFBC}") = "ConsoleAppIOC", "ConsoleAppIOC\ConsoleAppIOC.csproj", "{D9BC9DF3-0F7B-4507-AAF0-2B5611BBCFA4}"
EndProject
Global
	GlobalSection(SolutionConfigurationPlatforms) = preSolution
		Debug|Any CPU = Debug|Any CPU
		Release|Any CPU = Release|Any CPU
	EndGlobalSection
	GlobalSection(ProjectConfigurationPlatforms) = postSolution
		{D9BC9DF3-0F7B-4507-AAF0-2B5611BBCFA4}.Debug|Any CPU.ActiveCfg = Debug|Any CPU
		{D9BC9DF3-0F7B-4507-AAF0-2B5611BBCFA4}.Debug|Any CPU.Build.0 = Debug|Any CPU
		{D9BC9DF3-0F7B-4507-AAF0-2B5611BBCFA4}.Release|Any CPU.ActiveCfg = Release|Any CPU
		{D9BC9DF3-0F7B-4507-AAF0-2B5611BBCFA4}.Release|Any CPU.Build.0 = Release|Any CPU
	EndGlobalSection
	GlobalSection(SolutionProperties) = preSolution
		HideSolutionNode = FALSE
	EndGlobalSection
	GlobalSection(ExtensibilityGlobals) = postSolution
		SolutionGuid = {FA799DD1-3149-4CFA-B259-B675ABB25EF3}
	EndGlobalSection
EndGlobal
